<?xml version="1.0" encoding="utf-8"?>
<Project ToolsVersion="4.0" xmlns="http://schemas.microsoft.com/developer/msbuild/2003">
  <ItemGroup>
    <Filter Include="Source Files">
      <UniqueIdentifier>{4FC737F1-C7A5-4376-A066-2A32D752A2FF}</UniqueIdentifier>
      <Extensions>cpp;c;cc;cxx;c++;cppm;ixx;def;odl;idl;hpj;bat;asm;asmx</Extensions>
    </Filter>
    <Filter Include="Header Files">
      <UniqueIdentifier>{93995380-89BD-4b04-88EB-625FBE52EBFB}</UniqueIdentifier>
      <Extensions>h;hh;hpp;hxx;h++;hm;inl;inc;ipp;xsd</Extensions>
    </Filter>
    <Filter Include="Resource Files">
      <UniqueIdentifier>{67DA6AB6-F800-4c08-8B7A-83BB121AAD01}</UniqueIdentifier>
      <Extensions>rc;ico;cur;bmp;dlg;rc2;rct;bin;rgs;gif;jpg;jpeg;jpe;resx;tiff;tif;png;wav;mfcribbon-ms</Extensions>
    </Filter>
  </ItemGroup>
  <ItemGroup>
    <ClCompile Include="src\math\Mat2.cpp">
      <Filter>Source Files</Filter>
    </ClCompile>
    <ClCompile Include="src\math\Mat3.cpp">
      <Filter>Source Files</Filter>
    </ClCompile>
    <ClCompile Include="src\math\Mat4.cpp">
      <Filter>Source Files</Filter>
    </ClCompile>
    <ClCompile Include="src\math\MathAux.cpp">
      <Filter>Source Files</Filter>
    </ClCompile>
    <ClCompile Include="src\math\Vec2.cpp">
      <Filter>Source Files</Filter>
    </ClCompile>
    <ClCompile Include="src\math\Vec3.cpp">
      <Filter>Source Files</Filter>
    </ClCompile>
    <ClCompile Include="src\math\Vec4.cpp">
      <Filter>Source Files</Filter>
    </ClCompile>
    <ClCompile Include="src\utils\OpenGLUtils.cpp">
      <Filter>Source Files</Filter>
    </ClCompile>
    <ClCompile Include="src\utils\ColorRGBA.cpp">
      <Filter>Source Files</Filter>
    </ClCompile>
    <ClCompile Include="src\shaders\Shader.cpp">
      <Filter>Source Files</Filter>
    </ClCompile>
    <ClCompile Include="src\shaders\ShaderProgram.cpp">
      <Filter>Source Files</Filter>
    </ClCompile>
    <ClCompile Include="src\view\Transformations.cpp">
      <Filter>Source Files</Filter>
    </ClCompile>
    <ClCompile Include="src\controllers\FreeCameraController.cpp">
      <Filter>Source Files</Filter>
    </ClCompile>
    <ClCompile Include="src\view\Camera.cpp">
      <Filter>Source Files</Filter>
    </ClCompile>
    <ClCompile Include="src\math\Qtrn.cpp">
      <Filter>Source Files</Filter>
    </ClCompile>
    <ClCompile Include="src\meshes\Mesh.cpp">
      <Filter>Source Files</Filter>
    </ClCompile>
    <ClCompile Include="src\meshes\MeshLoader.cpp">
      <Filter>Source Files</Filter>
    </ClCompile>
    <ClCompile Include="src\scene\SceneGraph.cpp">
      <Filter>Source Files</Filter>
    </ClCompile>
    <ClCompile Include="src\Main.cpp">
      <Filter>Source Files</Filter>
    </ClCompile>
    <ClCompile Include="src\Engine.cpp">
      <Filter>Source Files</Filter>
    </ClCompile>
    <ClCompile Include="src\textures\Texture2D.cpp">
      <Filter>Source Files</Filter>
    </ClCompile>
    <ClCompile Include="src\textures\DepthMap.cpp">
      <Filter>Source Files</Filter>
    </ClCompile>
    <ClCompile Include="src\textures\GlyphTexture.cpp">
      <Filter>Source Files</Filter>
    </ClCompile>
    <ClCompile Include="src\gui\GUI.cpp">
      <Filter>Source Files</Filter>
    </ClCompile>
    <ClCompile Include="src\InputManager.cpp">
      <Filter>Source Files</Filter>
    </ClCompile>
    <ClCompile Include="src\textures\CubeMap.cpp">
      <Filter>Source Files</Filter>
    </ClCompile>
    <ClCompile Include="src\meshes\SkyBox.cpp">
      <Filter>Source Files</Filter>
    </ClCompile>
    <ClCompile Include="src\apps\PhysicsSimulation.cpp">
      <Filter>Source Files</Filter>
    </ClCompile>
    <ClCompile Include="src\core\GameObject.cpp">
      <Filter>Source Files</Filter>
    </ClCompile>
    <ClCompile Include="src\core\Component.cpp">
      <Filter>Source Files</Filter>
    </ClCompile>
    <ClCompile Include="src\vendor\imgui\imgui.cpp">
      <Filter>Source Files</Filter>
    </ClCompile>
    <ClCompile Include="src\vendor\imgui\imgui_demo.cpp">
      <Filter>Source Files</Filter>
    </ClCompile>
    <ClCompile Include="src\vendor\imgui\imgui_draw.cpp">
      <Filter>Source Files</Filter>
    </ClCompile>
    <ClCompile Include="src\vendor\imgui\imgui_tables.cpp">
      <Filter>Source Files</Filter>
    </ClCompile>
    <ClCompile Include="src\vendor\imgui\imgui_widgets.cpp">
      <Filter>Source Files</Filter>
    </ClCompile>
    <ClCompile Include="src\vendor\imgui\imgui_impl_glfw.cpp">
      <Filter>Source Files</Filter>
    </ClCompile>
    <ClCompile Include="src\vendor\imgui\imgui_impl_opengl3.cpp">
      <Filter>Source Files</Filter>
    </ClCompile>
    <ClCompile Include="src\textures\FrameBuffer.cpp">
      <Filter>Source Files</Filter>
    </ClCompile>
    <ClCompile Include="src\core\Transform.cpp">
      <Filter>Source Files</Filter>
    </ClCompile>
    <ClCompile Include="src\core\Hierarchy.cpp">
      <Filter>Source Files</Filter>
    </ClCompile>
    <ClCompile Include="src\core\MeshRenderer.cpp">
      <Filter>Source Files</Filter>
    </ClCompile>
    <ClCompile Include="src\core\BlinnPhongMaterial.cpp">
      <Filter>Source Files</Filter>
    </ClCompile>
    <ClCompile Include="src\core\Material2.cpp">
      <Filter>Source Files</Filter>
    </ClCompile>
    <ClCompile Include="src\core\Renderer3D.cpp">
      <Filter>Source Files</Filter>
    </ClCompile>
    <ClCompile Include="src\core\Controller.cpp">
      <Filter>Source Files</Filter>
    </ClCompile>
    <ClCompile Include="src\scripts\CubeController.cpp">
      <Filter>Source Files</Filter>
    </ClCompile>
    <ClCompile Include="src\vendor\imGuizmo\ImGuizmo.cpp">
      <Filter>Source Files</Filter>
    </ClCompile>
    <ClCompile Include="src\core\Input.cpp">
      <Filter>Source Files</Filter>
    </ClCompile>
    <ClCompile Include="src\gui\HierarchyPanel.cpp">
      <Filter>Source Files</Filter>
    </ClCompile>
    <ClCompile Include="src\gui\ObjectPanel.cpp">
      <Filter>Source Files</Filter>
    </ClCompile>
    <ClCompile Include="src\gui\SceneViewPanel.cpp">
      <Filter>Source Files</Filter>
    </ClCompile>
    <ClCompile Include="src\view\EditorCamera.cpp">
      <Filter>Source Files</Filter>
    </ClCompile>
    <ClCompile Include="src\gui\MaterialPanel.cpp">
      <Filter>Source Files</Filter>
    </ClCompile>
    <ClCompile Include="src\core\PBRMaterial.cpp">
      <Filter>Source Files</Filter>
    </ClCompile>
    <ClCompile Include="src\renderer\OpenGLState.cpp">
      <Filter>Source Files</Filter>
    </ClCompile>
    <ClCompile Include="src\renderer\RenderQueue.cpp">
      <Filter>Source Files</Filter>
    </ClCompile>
    <ClCompile Include="src\renderer\WarriorRenderer.cpp">
      <Filter>Source Files</Filter>
    </ClCompile>
    <ClCompile Include="src\renderer\RenderTarget.cpp">
      <Filter>Source Files</Filter>
    </ClCompile>
    <ClCompile Include="src\renderer\RenderCommand.cpp">
      <Filter>Source Files</Filter>
    </ClCompile>
    <ClCompile Include="src\renderer\PostProcessingCommand.cpp">
      <Filter>Source Files</Filter>
    </ClCompile>
    <ClCompile Include="src\gui\ImGuiExtensions.cpp">
      <Filter>Source Files</Filter>
    </ClCompile>
    <ClCompile Include="src\core\RendererComponent.cpp">
      <Filter>Source Files</Filter>
    </ClCompile>
    <ClCompile Include="src\renderer\PMaterial.cpp">
      <Filter>Source Files</Filter>
    </ClCompile>
    <ClCompile Include="src\renderer\GLObject.cpp">
      <Filter>Source Files</Filter>
    </ClCompile>
    <ClCompile Include="src\renderer\RenderingConfigurations.cpp">
      <Filter>Source Files</Filter>
    </ClCompile>
  </ItemGroup>
  <ItemGroup>
    <ClInclude Include="src\math\Mat2.h">
      <Filter>Header Files</Filter>
    </ClInclude>
    <ClInclude Include="src\math\Mat3.h">
      <Filter>Header Files</Filter>
    </ClInclude>
    <ClInclude Include="src\math\Mat4.h">
      <Filter>Header Files</Filter>
    </ClInclude>
    <ClInclude Include="src\math\MathAux.h">
      <Filter>Header Files</Filter>
    </ClInclude>
    <ClInclude Include="src\math\Vec2.h">
      <Filter>Header Files</Filter>
    </ClInclude>
    <ClInclude Include="src\math\Vec3.h">
      <Filter>Header Files</Filter>
    </ClInclude>
    <ClInclude Include="src\math\Vec4.h">
      <Filter>Header Files</Filter>
    </ClInclude>
    <ClInclude Include="src\shaders\Shader.h">
      <Filter>Header Files</Filter>
    </ClInclude>
    <ClInclude Include="src\utils\OpenGLUtils.h">
      <Filter>Header Files</Filter>
    </ClInclude>
    <ClInclude Include="src\shaders\ShaderProgram.h">
      <Filter>Header Files</Filter>
    </ClInclude>
    <ClInclude Include="src\utils\ColorRGBA.h">
      <Filter>Header Files</Filter>
    </ClInclude>
    <ClInclude Include="src\Engine.h">
      <Filter>Header Files</Filter>
    </ClInclude>
    <ClInclude Include="src\view\Camera.h">
      <Filter>Header Files</Filter>
    </ClInclude>
    <ClInclude Include="src\view\Transformations.h">
      <Filter>Header Files</Filter>
    </ClInclude>
    <ClInclude Include="src\controllers\FreeCameraController.h">
      <Filter>Header Files</Filter>
    </ClInclude>
    <ClInclude Include="src\Configurations.h">
      <Filter>Header Files</Filter>
    </ClInclude>
    <ClInclude Include="src\math\Qtrn.h">
      <Filter>Header Files</Filter>
    </ClInclude>
    <ClInclude Include="src\meshes\Mesh.h">
      <Filter>Header Files</Filter>
    </ClInclude>
    <ClInclude Include="src\meshes\MeshLoader.h">
      <Filter>Header Files</Filter>
    </ClInclude>
    <ClInclude Include="src\scene\SceneGraph.h">
      <Filter>Header Files</Filter>
    </ClInclude>
    <ClInclude Include="src\meshes\IDrawable.h">
      <Filter>Header Files</Filter>
    </ClInclude>
    <ClInclude Include="src\controllers\ICameraController.h">
      <Filter>Header Files</Filter>
    </ClInclude>
    <ClInclude Include="src\textures\stb_image.h">
      <Filter>Header Files</Filter>
    </ClInclude>
    <ClInclude Include="src\textures\Texture2D.h">
      <Filter>Header Files</Filter>
    </ClInclude>
    <ClInclude Include="src\InputManager.h">
      <Filter>Header Files</Filter>
    </ClInclude>
    <ClInclude Include="src\textures\ITexture.h">
      <Filter>Header Files</Filter>
    </ClInclude>
    <ClInclude Include="src\textures\DepthMap.h">
      <Filter>Header Files</Filter>
    </ClInclude>
    <ClInclude Include="src\gui\GUI.h">
      <Filter>Header Files</Filter>
    </ClInclude>
    <ClInclude Include="src\textures\GlyphTexture.h">
      <Filter>Header Files</Filter>
    </ClInclude>
    <ClInclude Include="src\textures\CubeMap.h">
      <Filter>Header Files</Filter>
    </ClInclude>
    <ClInclude Include="src\meshes\SkyBox.h">
      <Filter>Header Files</Filter>
    </ClInclude>
    <ClInclude Include="src\apps\PhysicsSimulation.h">
      <Filter>Header Files</Filter>
    </ClInclude>
    <ClInclude Include="src\core\GameObject.h">
      <Filter>Header Files</Filter>
    </ClInclude>
    <ClInclude Include="src\core\Component.h">
      <Filter>Header Files</Filter>
    </ClInclude>
    <ClInclude Include="src\core\Transform.h">
      <Filter>Header Files</Filter>
    </ClInclude>
    <ClInclude Include="src\core\MeshRenderer.h">
      <Filter>Header Files</Filter>
    </ClInclude>
    <ClInclude Include="src\textures\FrameBuffer.h">
      <Filter>Header Files</Filter>
    </ClInclude>
    <ClInclude Include="src\core\Hierarchy.h">
      <Filter>Header Files</Filter>
    </ClInclude>
    <ClInclude Include="src\core\Renderer3D.h">
      <Filter>Header Files</Filter>
    </ClInclude>
    <ClInclude Include="src\core\Material.h">
      <Filter>Header Files</Filter>
    </ClInclude>
    <ClInclude Include="src\core\BlinnPhongMaterial.h">
      <Filter>Header Files</Filter>
    </ClInclude>
    <ClInclude Include="src\core\Controller.h">
      <Filter>Header Files</Filter>
    </ClInclude>
    <ClInclude Include="src\scripts\CubeController.h">
      <Filter>Header Files</Filter>
    </ClInclude>
    <ClInclude Include="src\vendor\imGuizmo\ImGuizmo.h">
      <Filter>Header Files</Filter>
    </ClInclude>
    <ClInclude Include="src\core\Input.h">
      <Filter>Header Files</Filter>
    </ClInclude>
    <ClInclude Include="src\gui\HierarchyPanel.h">
      <Filter>Header Files</Filter>
    </ClInclude>
    <ClInclude Include="src\gui\ObjectPanel.h">
      <Filter>Header Files</Filter>
    </ClInclude>
    <ClInclude Include="src\gui\SceneViewPanel.h">
      <Filter>Header Files</Filter>
    </ClInclude>
    <ClInclude Include="src\view\EditorCamera.h">
      <Filter>Header Files</Filter>
    </ClInclude>
    <ClInclude Include="src\gui\MaterialPanel.h">
      <Filter>Header Files</Filter>
    </ClInclude>
    <ClInclude Include="src\core\PBRMaterial.h">
      <Filter>Header Files</Filter>
    </ClInclude>
    <ClInclude Include="src\renderer\OpenGLState.h">
      <Filter>Header Files</Filter>
    </ClInclude>
    <ClInclude Include="src\renderer\WarriorRenderer.h">
      <Filter>Header Files</Filter>
    </ClInclude>
    <ClInclude Include="src\renderer\DirectionalLight.h">
      <Filter>Header Files</Filter>
    </ClInclude>
    <ClInclude Include="src\renderer\RenderQueue.h">
      <Filter>Header Files</Filter>
    </ClInclude>
    <ClInclude Include="src\renderer\PointLight.h">
      <Filter>Header Files</Filter>
    </ClInclude>
    <ClInclude Include="src\renderer\SpotLight.h">
      <Filter>Header Files</Filter>
    </ClInclude>
    <ClInclude Include="src\renderer\AreaLight.h">
      <Filter>Header Files</Filter>
    </ClInclude>
    <ClInclude Include="src\renderer\Lights.h">
      <Filter>Header Files</Filter>
    </ClInclude>
    <ClInclude Include="src\renderer\RenderTarget.h">
      <Filter>Header Files</Filter>
    </ClInclude>
    <ClInclude Include="src\renderer\RenderCommand.h">
      <Filter>Header Files</Filter>
    </ClInclude>
    <ClInclude Include="src\renderer\PostProcessingCommand.h">
      <Filter>Header Files</Filter>
    </ClInclude>
    <ClInclude Include="src\gui\ImGuiExtensions.h">
      <Filter>Header Files</Filter>
    </ClInclude>
    <ClInclude Include="src\textures\IBL.h">
      <Filter>Header Files</Filter>
    </ClInclude>
    <ClInclude Include="src\textures\std_image_write.h">
      <Filter>Header Files</Filter>
    </ClInclude>
    <ClInclude Include="src\textures\FloatArrayFile.h">
      <Filter>Header Files</Filter>
    </ClInclude>
    <ClInclude Include="src\core\RendererComponent.h">
      <Filter>Header Files</Filter>
    </ClInclude>
    <ClInclude Include="src\renderer\PMaterial.h">
      <Filter>Header Files</Filter>
    </ClInclude>
    <ClInclude Include="src\renderer\GLObject.h">
      <Filter>Header Files</Filter>
    </ClInclude>
    <ClInclude Include="src\renderer\RenderingConfigurations.h">
      <Filter>Header Files</Filter>
    </ClInclude>
  </ItemGroup>
</Project>